
Microsoft Visual Studio Solution File, Format Version 12.00
Project("{FAE04EC0-301F-11D3-BF4B-00C04F79EFBC}") = "NutriTrack", "NutriTrack\NutriTrack.csproj", "{93187CCA-B16D-42F3-A1DB-5E95DC9CDC5D}"
EndProject
Global
	GlobalSection(SolutionConfigurationPlatforms) = preSolution
		Debug|Any CPU = Debug|Any CPU
		Release|Any CPU = Release|Any CPU
	EndGlobalSection
	GlobalSection(ProjectConfigurationPlatforms) = postSolution
		{93187CCA-B16D-42F3-A1DB-5E95DC9CDC5D}.Debug|Any CPU.ActiveCfg = Debug|Any CPU
		{93187CCA-B16D-42F3-A1DB-5E95DC9CDC5D}.Debug|Any CPU.Build.0 = Debug|Any CPU
		{93187CCA-B16D-42F3-A1DB-5E95DC9CDC5D}.Release|Any CPU.ActiveCfg = Release|Any CPU
		{93187CCA-B16D-42F3-A1DB-5E95DC9CDC5D}.Release|Any CPU.Build.0 = Release|Any CPU
	EndGlobalSection
EndGlobal
